// !$*UTF8*$!
{
	archiveVersion = 1;
	classes = {
	};
	objectVersion = 50;
	objects = {

/* Begin PBXBuildFile section */
		B35EC67221656AFC00CC3EC3 /* User.swift in Sources */ = {isa = PBXBuildFile; fileRef = B35EC67121656AFC00CC3EC3 /* User.swift */; };
		B35EC67421656CDE00CC3EC3 /* Post.swift in Sources */ = {isa = PBXBuildFile; fileRef = B35EC67321656CDE00CC3EC3 /* Post.swift */; };
		B36D124921851C35008E9226 /* Activity.swift in Sources */ = {isa = PBXBuildFile; fileRef = B36D124821851C35008E9226 /* Activity.swift */; };
		B36D124D2187B356008E9226 /* ActivityCell.swift in Sources */ = {isa = PBXBuildFile; fileRef = B36D124C2187B356008E9226 /* ActivityCell.swift */; };
		B36D124F2187B538008E9226 /* ActivityViewController.swift in Sources */ = {isa = PBXBuildFile; fileRef = B36D124E2187B538008E9226 /* ActivityViewController.swift */; };
		B3A815F3216D6E180029E237 /* FeedTableViewController.swift in Sources */ = {isa = PBXBuildFile; fileRef = B3A815F2216D6E180029E237 /* FeedTableViewController.swift */; };
		B3A815F5216EBF7B0029E237 /* SelfieCell.swift in Sources */ = {isa = PBXBuildFile; fileRef = B3A815F4216EBF7B0029E237 /* SelfieCell.swift */; };
		B3B4895C2162EA0700D2F023 /* ProfileViewController.swift in Sources */ = {isa = PBXBuildFile; fileRef = B3B4895B2162EA0700D2F023 /* ProfileViewController.swift */; };
		B3F62765215C528300A47D1B /* AppDelegate.swift in Sources */ = {isa = PBXBuildFile; fileRef = B3F62764215C528300A47D1B /* AppDelegate.swift */; };
		B3F62767215C528300A47D1B /* ViewController.swift in Sources */ = {isa = PBXBuildFile; fileRef = B3F62766215C528300A47D1B /* ViewController.swift */; };
		B3F6276A215C528300A47D1B /* Main.storyboard in Resources */ = {isa = PBXBuildFile; fileRef = B3F62768215C528300A47D1B /* Main.storyboard */; };
		B3F6276C215C528400A47D1B /* Assets.xcassets in Resources */ = {isa = PBXBuildFile; fileRef = B3F6276B215C528400A47D1B /* Assets.xcassets */; };
		B3F6276F215C528400A47D1B /* LaunchScreen.storyboard in Resources */ = {isa = PBXBuildFile; fileRef = B3F6276D215C528400A47D1B /* LaunchScreen.storyboard */; };
		D014C221697E56EC6FA37890 /* Pods_selfiegram_app.framework in Frameworks */ = {isa = PBXBuildFile; fileRef = 567F870B2BAA236E186ACAF9 /* Pods_selfiegram_app.framework */; };
/* End PBXBuildFile section */

/* Begin PBXFileReference section */
		34DA213F1E4046C11589AA82 /* Pods-selfiegram_app.debug.xcconfig */ = {isa = PBXFileReference; includeInIndex = 1; lastKnownFileType = text.xcconfig; name = "Pods-selfiegram_app.debug.xcconfig"; path = "Pods/Target Support Files/Pods-selfiegram_app/Pods-selfiegram_app.debug.xcconfig"; sourceTree = "<group>"; };
		567F870B2BAA236E186ACAF9 /* Pods_selfiegram_app.framework */ = {isa = PBXFileReference; explicitFileType = wrapper.framework; includeInIndex = 0; path = Pods_selfiegram_app.framework; sourceTree = BUILT_PRODUCTS_DIR; };
		B35EC67121656AFC00CC3EC3 /* User.swift */ = {isa = PBXFileReference; lastKnownFileType = sourcecode.swift; path = User.swift; sourceTree = "<group>"; };
		B35EC67321656CDE00CC3EC3 /* Post.swift */ = {isa = PBXFileReference; lastKnownFileType = sourcecode.swift; path = Post.swift; sourceTree = "<group>"; };
		B36D124821851C35008E9226 /* Activity.swift */ = {isa = PBXFileReference; lastKnownFileType = sourcecode.swift; path = Activity.swift; sourceTree = "<group>"; };
		B36D124C2187B356008E9226 /* ActivityCell.swift */ = {isa = PBXFileReference; lastKnownFileType = sourcecode.swift; path = ActivityCell.swift; sourceTree = "<group>"; };
		B36D124E2187B538008E9226 /* ActivityViewController.swift */ = {isa = PBXFileReference; lastKnownFileType = sourcecode.swift; path = ActivityViewController.swift; sourceTree = "<group>"; };
		B3A815F2216D6E180029E237 /* FeedTableViewController.swift */ = {isa = PBXFileReference; lastKnownFileType = sourcecode.swift; path = FeedTableViewController.swift; sourceTree = "<group>"; };
		B3A815F4216EBF7B0029E237 /* SelfieCell.swift */ = {isa = PBXFileReference; lastKnownFileType = sourcecode.swift; path = SelfieCell.swift; sourceTree = "<group>"; };
		B3B4895B2162EA0700D2F023 /* ProfileViewController.swift */ = {isa = PBXFileReference; lastKnownFileType = sourcecode.swift; path = ProfileViewController.swift; sourceTree = "<group>"; };
		B3F62761215C528300A47D1B /* selfiegram_app.app */ = {isa = PBXFileReference; explicitFileType = wrapper.application; includeInIndex = 0; path = selfiegram_app.app; sourceTree = BUILT_PRODUCTS_DIR; };
		B3F62764215C528300A47D1B /* AppDelegate.swift */ = {isa = PBXFileReference; lastKnownFileType = sourcecode.swift; path = AppDelegate.swift; sourceTree = "<group>"; };
		B3F62766215C528300A47D1B /* ViewController.swift */ = {isa = PBXFileReference; lastKnownFileType = sourcecode.swift; path = ViewController.swift; sourceTree = "<group>"; };
		B3F62769215C528300A47D1B /* Base */ = {isa = PBXFileReference; lastKnownFileType = file.storyboard; name = Base; path = Base.lproj/Main.storyboard; sourceTree = "<group>"; };
		B3F6276B215C528400A47D1B /* Assets.xcassets */ = {isa = PBXFileReference; lastKnownFileType = folder.assetcatalog; path = Assets.xcassets; sourceTree = "<group>"; };
		B3F6276E215C528400A47D1B /* Base */ = {isa = PBXFileReference; lastKnownFileType = file.storyboard; name = Base; path = Base.lproj/LaunchScreen.storyboard; sourceTree = "<group>"; };
		B3F62770215C528400A47D1B /* Info.plist */ = {isa = PBXFileReference; lastKnownFileType = text.plist.xml; path = Info.plist; sourceTree = "<group>"; };
		ED32DF29A5FA45C758EA691F /* Pods-selfiegram_app.release.xcconfig */ = {isa = PBXFileReference; includeInIndex = 1; lastKnownFileType = text.xcconfig; name = "Pods-selfiegram_app.release.xcconfig"; path = "Pods/Target Support Files/Pods-selfiegram_app/Pods-selfiegram_app.release.xcconfig"; sourceTree = "<group>"; };
/* End PBXFileReference section */

/* Begin PBXFrameworksBuildPhase section */
		B3F6275E215C528300A47D1B /* Frameworks */ = {
			isa = PBXFrameworksBuildPhase;
			buildActionMask = 2147483647;
			files = (
				D014C221697E56EC6FA37890 /* Pods_selfiegram_app.framework in Frameworks */,
			);
			runOnlyForDeploymentPostprocessing = 0;
		};
/* End PBXFrameworksBuildPhase section */

/* Begin PBXGroup section */
		43766DD689518321A9947490 /* Frameworks */ = {
			isa = PBXGroup;
			children = (
				567F870B2BAA236E186ACAF9 /* Pods_selfiegram_app.framework */,
			);
			name = Frameworks;
			sourceTree = "<group>";
		};
		B3F62758215C528300A47D1B = {
			isa = PBXGroup;
			children = (
				B3F62763215C528300A47D1B /* selfiegram_app */,
				B3F62762215C528300A47D1B /* Products */,
				EC3207FD7BC4388C2A922A15 /* Pods */,
				43766DD689518321A9947490 /* Frameworks */,
			);
			sourceTree = "<group>";
		};
		B3F62762215C528300A47D1B /* Products */ = {
			isa = PBXGroup;
			children = (
				B3F62761215C528300A47D1B /* selfiegram_app.app */,
			);
			name = Products;
			sourceTree = "<group>";
		};
		B3F62763215C528300A47D1B /* selfiegram_app */ = {
			isa = PBXGroup;
			children = (
				B3F62764215C528300A47D1B /* AppDelegate.swift */,
				B36D124821851C35008E9226 /* Activity.swift */,
				B3F62766215C528300A47D1B /* ViewController.swift */,
				B3F62768215C528300A47D1B /* Main.storyboard */,
				B35EC67121656AFC00CC3EC3 /* User.swift */,
				B35EC67321656CDE00CC3EC3 /* Post.swift */,
				B3A815F2216D6E180029E237 /* FeedTableViewController.swift */,
				B3A815F4216EBF7B0029E237 /* SelfieCell.swift */,
				B36D124E2187B538008E9226 /* ActivityViewController.swift */,
				B36D124C2187B356008E9226 /* ActivityCell.swift */,
				B3B4895B2162EA0700D2F023 /* ProfileViewController.swift */,
				B3F6276B215C528400A47D1B /* Assets.xcassets */,
				B3F6276D215C528400A47D1B /* LaunchScreen.storyboard */,
				B3F62770215C528400A47D1B /* Info.plist */,
			);
			path = selfiegram_app;
			sourceTree = "<group>";
		};
		EC3207FD7BC4388C2A922A15 /* Pods */ = {
			isa = PBXGroup;
			children = (
				34DA213F1E4046C11589AA82 /* Pods-selfiegram_app.debug.xcconfig */,
				ED32DF29A5FA45C758EA691F /* Pods-selfiegram_app.release.xcconfig */,
			);
			name = Pods;
			sourceTree = "<group>";
		};
/* End PBXGroup section */

/* Begin PBXNativeTarget section */
		B3F62760215C528300A47D1B /* selfiegram_app */ = {
			isa = PBXNativeTarget;
			buildConfigurationList = B3F62773215C528400A47D1B /* Build configuration list for PBXNativeTarget "selfiegram_app" */;
			buildPhases = (
				F01942BBF0AC0C2C12E2835A /* [CP] Check Pods Manifest.lock */,
				B3F6275D215C528300A47D1B /* Sources */,
				B3F6275E215C528300A47D1B /* Frameworks */,
				B3F6275F215C528300A47D1B /* Resources */,
				9050B0B8474C7C125B403899 /* [CP] Embed Pods Frameworks */,
			);
			buildRules = (
			);
			dependencies = (
			);
			name = selfiegram_app;
			productName = selfiegram_app;
			productReference = B3F62761215C528300A47D1B /* selfiegram_app.app */;
			productType = "com.apple.product-type.application";
		};
/* End PBXNativeTarget section */

/* Begin PBXProject section */
		B3F62759215C528300A47D1B /* Project object */ = {
			isa = PBXProject;
			attributes = {
				LastSwiftUpdateCheck = 0940;
				LastUpgradeCheck = 0940;
				ORGANIZATIONNAME = "Alvin Phun";
				TargetAttributes = {
					B3F62760215C528300A47D1B = {
						CreatedOnToolsVersion = 9.4.1;
					};
				};
			};
			buildConfigurationList = B3F6275C215C528300A47D1B /* Build configuration list for PBXProject "selfiegram_app" */;
			compatibilityVersion = "Xcode 9.3";
			developmentRegion = en;
			hasScannedForEncodings = 0;
			knownRegions = (
				en,
				Base,
			);
			mainGroup = B3F62758215C528300A47D1B;
			productRefGroup = B3F62762215C528300A47D1B /* Products */;
			projectDirPath = "";
			projectRoot = "";
			targets = (
				B3F62760215C528300A47D1B /* selfiegram_app */,
			);
		};
/* End PBXProject section */

/* Begin PBXResourcesBuildPhase section */
		B3F6275F215C528300A47D1B /* Resources */ = {
			isa = PBXResourcesBuildPhase;
			buildActionMask = 2147483647;
			files = (
				B3F6276F215C528400A47D1B /* LaunchScreen.storyboard in Resources */,
				B3F6276C215C528400A47D1B /* Assets.xcassets in Resources */,
				B3F6276A215C528300A47D1B /* Main.storyboard in Resources */,
			);
			runOnlyForDeploymentPostprocessing = 0;
		};
/* End PBXResourcesBuildPhase section */

/* Begin PBXShellScriptBuildPhase section */
		9050B0B8474C7C125B403899 /* [CP] Embed Pods Frameworks */ = {
			isa = PBXShellScriptBuildPhase;
			buildActionMask = 2147483647;
			files = (
			);
			inputPaths = (
				"${SRCROOT}/Pods/Target Support Files/Pods-selfiegram_app/Pods-selfiegram_app-frameworks.sh",
				"${BUILT_PRODUCTS_DIR}/Bolts/Bolts.framework",
				"${BUILT_PRODUCTS_DIR}/Parse/Parse.framework",
			);
			name = "[CP] Embed Pods Frameworks";
			outputPaths = (
				"${TARGET_BUILD_DIR}/${FRAMEWORKS_FOLDER_PATH}/Bolts.framework",
				"${TARGET_BUILD_DIR}/${FRAMEWORKS_FOLDER_PATH}/Parse.framework",
			);
			runOnlyForDeploymentPostprocessing = 0;
			shellPath = /bin/sh;
			shellScript = "\"${SRCROOT}/Pods/Target Support Files/Pods-selfiegram_app/Pods-selfiegram_app-frameworks.sh\"\n";
			showEnvVarsInLog = 0;
		};
		F01942BBF0AC0C2C12E2835A /* [CP] Check Pods Manifest.lock */ = {
			isa = PBXShellScriptBuildPhase;
			buildActionMask = 2147483647;
			files = (
			);
			inputPaths = (
				"${PODS_PODFILE_DIR_PATH}/Podfile.lock",
				"${PODS_ROOT}/Manifest.lock",
			);
			name = "[CP] Check Pods Manifest.lock";
			outputPaths = (
				"$(DERIVED_FILE_DIR)/Pods-selfiegram_app-checkManifestLockResult.txt",
			);
			runOnlyForDeploymentPostprocessing = 0;
			shellPath = /bin/sh;
			shellScript = "diff \"${PODS_PODFILE_DIR_PATH}/Podfile.lock\" \"${PODS_ROOT}/Manifest.lock\" > /dev/null\nif [ $? != 0 ] ; then\n    # print error to STDERR\n    echo \"error: The sandbox is not in sync with the Podfile.lock. Run 'pod install' or update your CocoaPods installation.\" >&2\n    exit 1\nfi\n# This output is used by Xcode 'outputs' to avoid re-running this script phase.\necho \"SUCCESS\" > \"${SCRIPT_OUTPUT_FILE_0}\"\n";
			showEnvVarsInLog = 0;
		};
/* End PBXShellScriptBuildPhase section */

/* Begin PBXSourcesBuildPhase section */
		B3F6275D215C528300A47D1B /* Sources */ = {
			isa = PBXSourcesBuildPhase;
			buildActionMask = 2147483647;
			files = (
				B35EC67221656AFC00CC3EC3 /* User.swift in Sources */,
				B3B4895C2162EA0700D2F023 /* ProfileViewController.swift in Sources */,
				B36D124D2187B356008E9226 /* ActivityCell.swift in Sources */,
				B36D124F2187B538008E9226 /* ActivityViewController.swift in Sources */,
				B3A815F5216EBF7B0029E237 /* SelfieCell.swift in Sources */,
				B3F62767215C528300A47D1B /* ViewController.swift in Sources */,
				B3F62765215C528300A47D1B /* AppDelegate.swift in Sources */,
				B3A815F3216D6E180029E237 /* FeedTableViewController.swift in Sources */,
				B36D124921851C35008E9226 /* Activity.swift in Sources */,
				B35EC67421656CDE00CC3EC3 /* Post.swift in Sources */,
			);
			runOnlyForDeploymentPostprocessing = 0;
		};
/* End PBXSourcesBuildPhase section */

/* Begin PBXVariantGroup section */
		B3F62768215C528300A47D1B /* Main.storyboard */ = {
			isa = PBXVariantGroup;
			children = (
				B3F62769215C528300A47D1B /* Base */,
			);
			name = Main.storyboard;
			sourceTree = "<group>";
		};
		B3F6276D215C528400A47D1B /* LaunchScreen.storyboard */ = {
			isa = PBXVariantGroup;
			children = (
				B3F6276E215C528400A47D1B /* Base */,
			);
			name = LaunchScreen.storyboard;
			sourceTree = "<group>";
		};
/* End PBXVariantGroup section */

/* Begin XCBuildConfiguration section */
		B3F62771215C528400A47D1B /* Debug */ = {
			isa = XCBuildConfiguration;
			buildSettings = {
				ALWAYS_SEARCH_USER_PATHS = NO;
				CLANG_ANALYZER_NONNULL = YES;
				CLANG_ANALYZER_NUMBER_OBJECT_CONVERSION = YES_AGGRESSIVE;
				CLANG_CXX_LANGUAGE_STANDARD = "gnu++14";
				CLANG_CXX_LIBRARY = "libc++";
				CLANG_ENABLE_MODULES = YES;
				CLANG_ENABLE_OBJC_ARC = YES;
				CLANG_ENABLE_OBJC_WEAK = YES;
				CLANG_WARN_BLOCK_CAPTURE_AUTORELEASING = YES;
				CLANG_WARN_BOOL_CONVERSION = YES;
				CLANG_WARN_COMMA = YES;
				CLANG_WARN_CONSTANT_CONVERSION = YES;
				CLANG_WARN_DEPRECATED_OBJC_IMPLEMENTATIONS = YES;
				CLANG_WARN_DIRECT_OBJC_ISA_USAGE = YES_ERROR;
				CLANG_WARN_DOCUMENTATION_COMMENTS = YES;
				CLANG_WARN_EMPTY_BODY = YES;
				CLANG_WARN_ENUM_CONVERSION = YES;
				CLANG_WARN_INFINITE_RECURSION = YES;
				CLANG_WARN_INT_CONVERSION = YES;
				CLANG_WARN_NON_LITERAL_NULL_CONVERSION = YES;
				CLANG_WARN_OBJC_IMPLICIT_RETAIN_SELF = YES;
				CLANG_WARN_OBJC_LITERAL_CONVERSION = YES;
				CLANG_WARN_OBJC_ROOT_CLASS = YES_ERROR;
				CLANG_WARN_RANGE_LOOP_ANALYSIS = YES;
				CLANG_WARN_STRICT_PROTOTYPES = YES;
				CLANG_WARN_SUSPICIOUS_MOVE = YES;
				CLANG_WARN_UNGUARDED_AVAILABILITY = YES_AGGRESSIVE;
				CLANG_WARN_UNREACHABLE_CODE = YES;
				CLANG_WARN__DUPLICATE_METHOD_MATCH = YES;
				CODE_SIGN_IDENTITY = "iPhone Developer";
				COPY_PHASE_STRIP = NO;
				DEBUG_INFORMATION_FORMAT = dwarf;
				ENABLE_STRICT_OBJC_MSGSEND = YES;
				ENABLE_TESTABILITY = YES;
				GCC_C_LANGUAGE_STANDARD = gnu11;
				GCC_DYNAMIC_NO_PIC = NO;
				GCC_NO_COMMON_BLOCKS = YES;
				GCC_OPTIMIZATION_LEVEL = 0;
				GCC_PREPROCESSOR_DEFINITIONS = (
					"DEBUG=1",
					"$(inherited)",
				);
				GCC_WARN_64_TO_32_BIT_CONVERSION = YES;
				GCC_WARN_ABOUT_RETURN_TYPE = YES_ERROR;
				GCC_WARN_UNDECLARED_SELECTOR = YES;
				GCC_WARN_UNINITIALIZED_AUTOS = YES_AGGRESSIVE;
				GCC_WARN_UNUSED_FUNCTION = YES;
				GCC_WARN_UNUSED_VARIABLE = YES;
				IPHONEOS_DEPLOYMENT_TARGET = 11.4;
				MTL_ENABLE_DEBUG_INFO = YES;
				ONLY_ACTIVE_ARCH = YES;
				SDKROOT = iphoneos;
				SWIFT_ACTIVE_COMPILATION_CONDITIONS = DEBUG;
				SWIFT_OPTIMIZATION_LEVEL = "-Onone";
			};
			name = Debug;
		};
		B3F62772215C528400A47D1B /* Release */ = {
			isa = XCBuildConfiguration;
			buildSettings = {
				ALWAYS_SEARCH_USER_PATHS = NO;
				CLANG_ANALYZER_NONNULL = YES;
				CLANG_ANALYZER_NUMBER_OBJECT_CONVERSION = YES_AGGRESSIVE;
				CLANG_CXX_LANGUAGE_STANDARD = "gnu++14";
				CLANG_CXX_LIBRARY = "libc++";
				CLANG_ENABLE_MODULES = YES;
				CLANG_ENABLE_OBJC_ARC = YES;
				CLANG_ENABLE_OBJC_WEAK = YES;
				CLANG_WARN_BLOCK_CAPTURE_AUTORELEASING = YES;
				CLANG_WARN_BOOL_CONVERSION = YES;
				CLANG_WARN_COMMA = YES;
				CLANG_WARN_CONSTANT_CONVERSION = YES;
				CLANG_WARN_DEPRECATED_OBJC_IMPLEMENTATIONS = YES;
				CLANG_WARN_DIRECT_OBJC_ISA_USAGE = YES_ERROR;
				CLANG_WARN_DOCUMENTATION_COMMENTS = YES;
				CLANG_WARN_EMPTY_BODY = YES;
				CLANG_WARN_ENUM_CONVERSION = YES;
				CLANG_WARN_INFINITE_RECURSION = YES;
				CLANG_WARN_INT_CONVERSION = YES;
				CLANG_WARN_NON_LITERAL_NULL_CONVERSION = YES;
				CLANG_WARN_OBJC_IMPLICIT_RETAIN_SELF = YES;
				CLANG_WARN_OBJC_LITERAL_CONVERSION = YES;
				CLANG_WARN_OBJC_ROOT_CLASS = YES_ERROR;
				CLANG_WARN_RANGE_LOOP_ANALYSIS = YES;
				CLANG_WARN_STRICT_PROTOTYPES = YES;
				CLANG_WARN_SUSPICIOUS_MOVE = YES;
				CLANG_WARN_UNGUARDED_AVAILABILITY = YES_AGGRESSIVE;
				CLANG_WARN_UNREACHABLE_CODE = YES;
				CLANG_WARN__DUPLICATE_METHOD_MATCH = YES;
				CODE_SIGN_IDENTITY = "iPhone Developer";
				COPY_PHASE_STRIP = NO;
				DEBUG_INFORMATION_FORMAT = "dwarf-with-dsym";
				ENABLE_NS_ASSERTIONS = NO;
				ENABLE_STRICT_OBJC_MSGSEND = YES;
				GCC_C_LANGUAGE_STANDARD = gnu11;
				GCC_NO_COMMON_BLOCKS = YES;
				GCC_WARN_64_TO_32_BIT_CONVERSION = YES;
				GCC_WARN_ABOUT_RETURN_TYPE = YES_ERROR;
				GCC_WARN_UNDECLARED_SELECTOR = YES;
				GCC_WARN_UNINITIALIZED_AUTOS = YES_AGGRESSIVE;
				GCC_WARN_UNUSED_FUNCTION = YES;
				GCC_WARN_UNUSED_VARIABLE = YES;
				IPHONEOS_DEPLOYMENT_TARGET = 11.4;
				MTL_ENABLE_DEBUG_INFO = NO;
				SDKROOT = iphoneos;
				SWIFT_COMPILATION_MODE = wholemodule;
				SWIFT_OPTIMIZATION_LEVEL = "-O";
				VALIDATE_PRODUCT = YES;
			};
			name = Release;
		};
		B3F62774215C528400A47D1B /* Debug */ = {
			isa = XCBuildConfiguration;
			baseConfigurationReference = 34DA213F1E4046C11589AA82 /* Pods-selfiegram_app.debug.xcconfig */;
			buildSettings = {
				ASSETCATALOG_COMPILER_APPICON_NAME = AppIcon;
				CODE_SIGN_STYLE = Automatic;
				DEVELOPMENT_TEAM = R547HR8SNG;
				INFOPLIST_FILE = selfiegram_app/Info.plist;
				LD_RUNPATH_SEARCH_PATHS = (
					"$(inherited)",
					"@executable_path/Frameworks",
				);
				PRODUCT_BUNDLE_IDENTIFIER = "com.alvinphun.selfiegram-app";
				PRODUCT_NAME = "$(TARGET_NAME)";
				SWIFT_VERSION = 4.0;
				TARGETED_DEVICE_FAMILY = "1,2";
			};
			name = Debug;
		};
		B3F62775215C528400A47D1B /* Release */ = {
			isa = XCBuildConfiguration;
			baseConfigurationReference = ED32DF29A5FA45C758EA691F /* Pods-selfiegram_app.release.xcconfig */;
			buildSettings = {
				ASSETCATALOG_COMPILER_APPICON_NAME = AppIcon;
				CODE_SIGN_STYLE = Automatic;
				DEVELOPMENT_TEAM = R547HR8SNG;
				INFOPLIST_FILE = selfiegram_app/Info.plist;
				LD_RUNPATH_SEARCH_PATHS = (
					"$(inherited)",
					"@executable_path/Frameworks",
				);
				PRODUCT_BUNDLE_IDENTIFIER = "com.alvinphun.selfiegram-app";
				PRODUCT_NAME = "$(TARGET_NAME)";
				SWIFT_VERSION = 4.0;
				TARGETED_DEVICE_FAMILY = "1,2";
			};
			name = Release;
		};
/* End XCBuildConfiguration section */

/* Begin XCConfigurationList section */
		B3F6275C215C528300A47D1B /* Build configuration list for PBXProject "selfiegram_app" */ = {
			isa = XCConfigurationList;
			buildConfigurations = (
				B3F62771215C528400A47D1B /* Debug */,
				B3F62772215C528400A47D1B /* Release */,
			);
			defaultConfigurationIsVisible = 0;
			defaultConfigurationName = Release;
		};
		B3F62773215C528400A47D1B /* Build configuration list for PBXNativeTarget "selfiegram_app" */ = {
			isa = XCConfigurationList;
			buildConfigurations = (
				B3F62774215C528400A47D1B /* Debug */,
				B3F62775215C528400A47D1B /* Release */,
			);
			defaultConfigurationIsVisible = 0;
			defaultConfigurationName = Release;
		};
/* End XCConfigurationList section */
	};
	rootObject = B3F62759215C528300A47D1B /* Project object */;
}
